// !$*UTF8*$!
{
	archiveVersion = 1;
	classes = {
	};
	objectVersion = 55;
	objects = {

/* Begin PBXBuildFile section */
		32B6A52E29D78A8200ADDADC /* Post.swift in Sources */ = {isa = PBXBuildFile; fileRef = 32B6A52D29D78A8200ADDADC /* Post.swift */; };
		32B6A53029D78BC200ADDADC /* DataManager.swift in Sources */ = {isa = PBXBuildFile; fileRef = 32B6A52F29D78BC200ADDADC /* DataManager.swift */; };
		32D8AA4A29CBA99100910710 /* AppDelegate.swift in Sources */ = {isa = PBXBuildFile; fileRef = 32D8AA4929CBA99100910710 /* AppDelegate.swift */; };
		32D8AA4C29CBA99100910710 /* SceneDelegate.swift in Sources */ = {isa = PBXBuildFile; fileRef = 32D8AA4B29CBA99100910710 /* SceneDelegate.swift */; };
		32D8AA4E29CBA99100910710 /* ViewController.swift in Sources */ = {isa = PBXBuildFile; fileRef = 32D8AA4D29CBA99100910710 /* ViewController.swift */; };
		32D8AA5129CBA99100910710 /* Main.storyboard in Resources */ = {isa = PBXBuildFile; fileRef = 32D8AA4F29CBA99100910710 /* Main.storyboard */; };
		32D8AA5329CBA99400910710 /* Assets.xcassets in Resources */ = {isa = PBXBuildFile; fileRef = 32D8AA5229CBA99400910710 /* Assets.xcassets */; };
		32D8AA5629CBA99400910710 /* LaunchScreen.storyboard in Resources */ = {isa = PBXBuildFile; fileRef = 32D8AA5429CBA99400910710 /* LaunchScreen.storyboard */; };
		32D8AA5E29CBAFEF00910710 /* GoogleService-Info.plist in Resources */ = {isa = PBXBuildFile; fileRef = 32D8AA5D29CBAFEF00910710 /* GoogleService-Info.plist */; };
		32D8AA6029CBB3BF00910710 /* SignUpScreen.swift in Sources */ = {isa = PBXBuildFile; fileRef = 32D8AA5F29CBB3BF00910710 /* SignUpScreen.swift */; };
		32D8AA6429CF7EF700910710 /* RespondScreen.swift in Sources */ = {isa = PBXBuildFile; fileRef = 32D8AA6329CF7EF700910710 /* RespondScreen.swift */; };
		32E7258B29E9C1B40008C06C /* viewReplies.swift in Sources */ = {isa = PBXBuildFile; fileRef = 32E7258A29E9C1B30008C06C /* viewReplies.swift */; };
		9F9BF2695AB65A68BF4BCE25 /* Pods_Promptly.framework in Frameworks */ = {isa = PBXBuildFile; fileRef = 0D3EB008367C72B305544B86 /* Pods_Promptly.framework */; };
/* End PBXBuildFile section */

/* Begin PBXFileReference section */
		0D3EB008367C72B305544B86 /* Pods_Promptly.framework */ = {isa = PBXFileReference; explicitFileType = wrapper.framework; includeInIndex = 0; path = Pods_Promptly.framework; sourceTree = BUILT_PRODUCTS_DIR; };
		28ECF4668D5B8C48E034272C /* Pods-Promptly.debug.xcconfig */ = {isa = PBXFileReference; includeInIndex = 1; lastKnownFileType = text.xcconfig; name = "Pods-Promptly.debug.xcconfig"; path = "Target Support Files/Pods-Promptly/Pods-Promptly.debug.xcconfig"; sourceTree = "<group>"; };
		2D48B9248CEBB6ED67563912 /* Pods-Promptly.release.xcconfig */ = {isa = PBXFileReference; includeInIndex = 1; lastKnownFileType = text.xcconfig; name = "Pods-Promptly.release.xcconfig"; path = "Target Support Files/Pods-Promptly/Pods-Promptly.release.xcconfig"; sourceTree = "<group>"; };
		32B6A52D29D78A8200ADDADC /* Post.swift */ = {isa = PBXFileReference; lastKnownFileType = sourcecode.swift; path = Post.swift; sourceTree = "<group>"; };
		32B6A52F29D78BC200ADDADC /* DataManager.swift */ = {isa = PBXFileReference; lastKnownFileType = sourcecode.swift; path = DataManager.swift; sourceTree = "<group>"; };
		32D8AA4629CBA99100910710 /* Promptly.app */ = {isa = PBXFileReference; explicitFileType = wrapper.application; includeInIndex = 0; path = Promptly.app; sourceTree = BUILT_PRODUCTS_DIR; };
		32D8AA4929CBA99100910710 /* AppDelegate.swift */ = {isa = PBXFileReference; lastKnownFileType = sourcecode.swift; path = AppDelegate.swift; sourceTree = "<group>"; };
		32D8AA4B29CBA99100910710 /* SceneDelegate.swift */ = {isa = PBXFileReference; lastKnownFileType = sourcecode.swift; path = SceneDelegate.swift; sourceTree = "<group>"; };
		32D8AA4D29CBA99100910710 /* ViewController.swift */ = {isa = PBXFileReference; lastKnownFileType = sourcecode.swift; path = ViewController.swift; sourceTree = "<group>"; };
		32D8AA5029CBA99100910710 /* Base */ = {isa = PBXFileReference; lastKnownFileType = file.storyboard; name = Base; path = Base.lproj/Main.storyboard; sourceTree = "<group>"; };
		32D8AA5229CBA99400910710 /* Assets.xcassets */ = {isa = PBXFileReference; lastKnownFileType = folder.assetcatalog; path = Assets.xcassets; sourceTree = "<group>"; };
		32D8AA5529CBA99400910710 /* Base */ = {isa = PBXFileReference; lastKnownFileType = file.storyboard; name = Base; path = Base.lproj/LaunchScreen.storyboard; sourceTree = "<group>"; };
		32D8AA5729CBA99400910710 /* Info.plist */ = {isa = PBXFileReference; lastKnownFileType = text.plist.xml; path = Info.plist; sourceTree = "<group>"; };
		32D8AA5D29CBAFEF00910710 /* GoogleService-Info.plist */ = {isa = PBXFileReference; fileEncoding = 4; lastKnownFileType = text.plist.xml; path = "GoogleService-Info.plist"; sourceTree = "<group>"; };
		32D8AA5F29CBB3BF00910710 /* SignUpScreen.swift */ = {isa = PBXFileReference; lastKnownFileType = sourcecode.swift; path = SignUpScreen.swift; sourceTree = "<group>"; };
		32D8AA6329CF7EF700910710 /* RespondScreen.swift */ = {isa = PBXFileReference; lastKnownFileType = sourcecode.swift; path = RespondScreen.swift; sourceTree = "<group>"; };
		32E7258A29E9C1B30008C06C /* viewReplies.swift */ = {isa = PBXFileReference; fileEncoding = 4; lastKnownFileType = sourcecode.swift; path = viewReplies.swift; sourceTree = "<group>"; };
/* End PBXFileReference section */

/* Begin PBXFrameworksBuildPhase section */
		32D8AA4329CBA99100910710 /* Frameworks */ = {
			isa = PBXFrameworksBuildPhase;
			buildActionMask = 2147483647;
			files = (
				9F9BF2695AB65A68BF4BCE25 /* Pods_Promptly.framework in Frameworks */,
			);
			runOnlyForDeploymentPostprocessing = 0;
		};
/* End PBXFrameworksBuildPhase section */

/* Begin PBXGroup section */
		32D8AA3D29CBA99100910710 = {
			isa = PBXGroup;
			children = (
				32D8AA4829CBA99100910710 /* Promptly */,
				32D8AA4729CBA99100910710 /* Products */,
				C2E555E5E03343D545A50194 /* Pods */,
				795555E4001C9819939B2BE2 /* Frameworks */,
			);
			sourceTree = "<group>";
		};
		32D8AA4729CBA99100910710 /* Products */ = {
			isa = PBXGroup;
			children = (
				32D8AA4629CBA99100910710 /* Promptly.app */,
			);
			name = Products;
			sourceTree = "<group>";
		};
		32D8AA4829CBA99100910710 /* Promptly */ = {
			isa = PBXGroup;
			children = (
				32D8AA4929CBA99100910710 /* AppDelegate.swift */,
				32D8AA4B29CBA99100910710 /* SceneDelegate.swift */,
				32D8AA4D29CBA99100910710 /* ViewController.swift */,
				32D8AA4F29CBA99100910710 /* Main.storyboard */,
				32D8AA5229CBA99400910710 /* Assets.xcassets */,
				32D8AA5429CBA99400910710 /* LaunchScreen.storyboard */,
				32D8AA5729CBA99400910710 /* Info.plist */,
				32D8AA5D29CBAFEF00910710 /* GoogleService-Info.plist */,
				32E7258A29E9C1B30008C06C /* viewReplies.swift */,
				32D8AA5F29CBB3BF00910710 /* SignUpScreen.swift */,
				32D8AA6329CF7EF700910710 /* RespondScreen.swift */,
				32B6A52D29D78A8200ADDADC /* Post.swift */,
				32B6A52F29D78BC200ADDADC /* DataManager.swift */,
			);
			path = Promptly;
			sourceTree = "<group>";
		};
		795555E4001C9819939B2BE2 /* Frameworks */ = {
			isa = PBXGroup;
			children = (
				0D3EB008367C72B305544B86 /* Pods_Promptly.framework */,
			);
			name = Frameworks;
			sourceTree = "<group>";
		};
		C2E555E5E03343D545A50194 /* Pods */ = {
			isa = PBXGroup;
			children = (
				28ECF4668D5B8C48E034272C /* Pods-Promptly.debug.xcconfig */,
				2D48B9248CEBB6ED67563912 /* Pods-Promptly.release.xcconfig */,
			);
			path = Pods;
			sourceTree = "<group>";
		};
/* End PBXGroup section */

/* Begin PBXNativeTarget section */
		32D8AA4529CBA99100910710 /* Promptly */ = {
			isa = PBXNativeTarget;
			buildConfigurationList = 32D8AA5A29CBA99400910710 /* Build configuration list for PBXNativeTarget "Promptly" */;
			buildPhases = (
				C306DD0C899BB11EAFCE7A7A /* [CP] Check Pods Manifest.lock */,
				32D8AA4229CBA99100910710 /* Sources */,
				32D8AA4329CBA99100910710 /* Frameworks */,
				32D8AA4429CBA99100910710 /* Resources */,
				0417DD044E55D16AD24D8D5D /* [CP] Embed Pods Frameworks */,
			);
			buildRules = (
			);
			dependencies = (
			);
			name = Promptly;
			productName = Promptly;
			productReference = 32D8AA4629CBA99100910710 /* Promptly.app */;
			productType = "com.apple.product-type.application";
		};
/* End PBXNativeTarget section */

/* Begin PBXProject section */
		32D8AA3E29CBA99100910710 /* Project object */ = {
			isa = PBXProject;
			attributes = {
				BuildIndependentTargetsInParallel = 1;
				LastSwiftUpdateCheck = 1320;
				LastUpgradeCheck = 1320;
				TargetAttributes = {
					32D8AA4529CBA99100910710 = {
						CreatedOnToolsVersion = 13.2.1;
					};
				};
			};
			buildConfigurationList = 32D8AA4129CBA99100910710 /* Build configuration list for PBXProject "Promptly" */;
			compatibilityVersion = "Xcode 13.0";
			developmentRegion = en;
			hasScannedForEncodings = 0;
			knownRegions = (
				en,
				Base,
			);
			mainGroup = 32D8AA3D29CBA99100910710;
			productRefGroup = 32D8AA4729CBA99100910710 /* Products */;
			projectDirPath = "";
			projectRoot = "";
			targets = (
				32D8AA4529CBA99100910710 /* Promptly */,
			);
		};
/* End PBXProject section */

/* Begin PBXResourcesBuildPhase section */
		32D8AA4429CBA99100910710 /* Resources */ = {
			isa = PBXResourcesBuildPhase;
			buildActionMask = 2147483647;
			files = (
				32D8AA5629CBA99400910710 /* LaunchScreen.storyboard in Resources */,
				32D8AA5E29CBAFEF00910710 /* GoogleService-Info.plist in Resources */,
				32D8AA5329CBA99400910710 /* Assets.xcassets in Resources */,
				32D8AA5129CBA99100910710 /* Main.storyboard in Resources */,
			);
			runOnlyForDeploymentPostprocessing = 0;
		};
/* End PBXResourcesBuildPhase section */

/* Begin PBXShellScriptBuildPhase section */
		0417DD044E55D16AD24D8D5D /* [CP] Embed Pods Frameworks */ = {
			isa = PBXShellScriptBuildPhase;
			buildActionMask = 2147483647;
			files = (
			);
			inputFileListPaths = (
				"${PODS_ROOT}/Target Support Files/Pods-Promptly/Pods-Promptly-frameworks-${CONFIGURATION}-input-files.xcfilelist",
			);
			name = "[CP] Embed Pods Frameworks";
			outputFileListPaths = (
				"${PODS_ROOT}/Target Support Files/Pods-Promptly/Pods-Promptly-frameworks-${CONFIGURATION}-output-files.xcfilelist",
			);
			runOnlyForDeploymentPostprocessing = 0;
			shellPath = /bin/sh;
			shellScript = "\"${PODS_ROOT}/Target Support Files/Pods-Promptly/Pods-Promptly-frameworks.sh\"\n";
			showEnvVarsInLog = 0;
		};
		C306DD0C899BB11EAFCE7A7A /* [CP] Check Pods Manifest.lock */ = {
			isa = PBXShellScriptBuildPhase;
			buildActionMask = 2147483647;
			files = (
			);
			inputFileListPaths = (
			);
			inputPaths = (
				"${PODS_PODFILE_DIR_PATH}/Podfile.lock",
				"${PODS_ROOT}/Manifest.lock",
			);
			name = "[CP] Check Pods Manifest.lock";
			outputFileListPaths = (
			);
			outputPaths = (
				"$(DERIVED_FILE_DIR)/Pods-Promptly-checkManifestLockResult.txt",
			);
			runOnlyForDeploymentPostprocessing = 0;
			shellPath = /bin/sh;
			shellScript = "diff \"${PODS_PODFILE_DIR_PATH}/Podfile.lock\" \"${PODS_ROOT}/Manifest.lock\" > /dev/null\nif [ $? != 0 ] ; then\n    # print error to STDERR\n    echo \"error: The sandbox is not in sync with the Podfile.lock. Run 'pod install' or update your CocoaPods installation.\" >&2\n    exit 1\nfi\n# This output is used by Xcode 'outputs' to avoid re-running this script phase.\necho \"SUCCESS\" > \"${SCRIPT_OUTPUT_FILE_0}\"\n";
			showEnvVarsInLog = 0;
		};
/* End PBXShellScriptBuildPhase section */

/* Begin PBXSourcesBuildPhase section */
		32D8AA4229CBA99100910710 /* Sources */ = {
			isa = PBXSourcesBuildPhase;
			buildActionMask = 2147483647;
			files = (
				32D8AA4E29CBA99100910710 /* ViewController.swift in Sources */,
				32B6A53029D78BC200ADDADC /* DataManager.swift in Sources */,
				32D8AA4A29CBA99100910710 /* AppDelegate.swift in Sources */,
				32E7258B29E9C1B40008C06C /* viewReplies.swift in Sources */,
				32D8AA4C29CBA99100910710 /* SceneDelegate.swift in Sources */,
				32D8AA6029CBB3BF00910710 /* SignUpScreen.swift in Sources */,
				32B6A52E29D78A8200ADDADC /* Post.swift in Sources */,
				32D8AA6429CF7EF700910710 /* RespondScreen.swift in Sources */,
			);
			runOnlyForDeploymentPostprocessing = 0;
		};
/* End PBXSourcesBuildPhase section */

/* Begin PBXVariantGroup section */
		32D8AA4F29CBA99100910710 /* Main.storyboard */ = {
			isa = PBXVariantGroup;
			children = (
				32D8AA5029CBA99100910710 /* Base */,
			);
			name = Main.storyboard;
			sourceTree = "<group>";
		};
		32D8AA5429CBA99400910710 /* LaunchScreen.storyboard */ = {
			isa = PBXVariantGroup;
			children = (
				32D8AA5529CBA99400910710 /* Base */,
			);
			name = LaunchScreen.storyboard;
			sourceTree = "<group>";
		};
/* End PBXVariantGroup section */

/* Begin XCBuildConfiguration section */
		32D8AA5829CBA99400910710 /* Debug */ = {
			isa = XCBuildConfiguration;
			buildSettings = {
				ALWAYS_SEARCH_USER_PATHS = NO;
				CLANG_ANALYZER_NONNULL = YES;
				CLANG_ANALYZER_NUMBER_OBJECT_CONVERSION = YES_AGGRESSIVE;
				CLANG_CXX_LANGUAGE_STANDARD = "gnu++17";
				CLANG_CXX_LIBRARY = "libc++";
				CLANG_ENABLE_MODULES = YES;
				CLANG_ENABLE_OBJC_ARC = YES;
				CLANG_ENABLE_OBJC_WEAK = YES;
				CLANG_WARN_BLOCK_CAPTURE_AUTORELEASING = YES;
				CLANG_WARN_BOOL_CONVERSION = YES;
				CLANG_WARN_COMMA = YES;
				CLANG_WARN_CONSTANT_CONVERSION = YES;
				CLANG_WARN_DEPRECATED_OBJC_IMPLEMENTATIONS = YES;
				CLANG_WARN_DIRECT_OBJC_ISA_USAGE = YES_ERROR;
				CLANG_WARN_DOCUMENTATION_COMMENTS = YES;
				CLANG_WARN_EMPTY_BODY = YES;
				CLANG_WARN_ENUM_CONVERSION = YES;
				CLANG_WARN_INFINITE_RECURSION = YES;
				CLANG_WARN_INT_CONVERSION = YES;
				CLANG_WARN_NON_LITERAL_NULL_CONVERSION = YES;
				CLANG_WARN_OBJC_IMPLICIT_RETAIN_SELF = YES;
				CLANG_WARN_OBJC_LITERAL_CONVERSION = YES;
				CLANG_WARN_OBJC_ROOT_CLASS = YES_ERROR;
				CLANG_WARN_QUOTED_INCLUDE_IN_FRAMEWORK_HEADER = YES;
				CLANG_WARN_RANGE_LOOP_ANALYSIS = YES;
				CLANG_WARN_STRICT_PROTOTYPES = YES;
				CLANG_WARN_SUSPICIOUS_MOVE = YES;
				CLANG_WARN_UNGUARDED_AVAILABILITY = YES_AGGRESSIVE;
				CLANG_WARN_UNREACHABLE_CODE = YES;
				CLANG_WARN__DUPLICATE_METHOD_MATCH = YES;
				COPY_PHASE_STRIP = NO;
				DEBUG_INFORMATION_FORMAT = dwarf;
				ENABLE_STRICT_OBJC_MSGSEND = YES;
				ENABLE_TESTABILITY = YES;
				GCC_C_LANGUAGE_STANDARD = gnu11;
				GCC_DYNAMIC_NO_PIC = NO;
				GCC_NO_COMMON_BLOCKS = YES;
				GCC_OPTIMIZATION_LEVEL = 0;
				GCC_PREPROCESSOR_DEFINITIONS = (
					"DEBUG=1",
					"$(inherited)",
				);
				GCC_WARN_64_TO_32_BIT_CONVERSION = YES;
				GCC_WARN_ABOUT_RETURN_TYPE = YES_ERROR;
				GCC_WARN_UNDECLARED_SELECTOR = YES;
				GCC_WARN_UNINITIALIZED_AUTOS = YES_AGGRESSIVE;
				GCC_WARN_UNUSED_FUNCTION = YES;
				GCC_WARN_UNUSED_VARIABLE = YES;
				IPHONEOS_DEPLOYMENT_TARGET = 15.2;
				MTL_ENABLE_DEBUG_INFO = INCLUDE_SOURCE;
				MTL_FAST_MATH = YES;
				ONLY_ACTIVE_ARCH = YES;
				SDKROOT = iphoneos;
				SWIFT_ACTIVE_COMPILATION_CONDITIONS = DEBUG;
				SWIFT_OPTIMIZATION_LEVEL = "-Onone";
			};
			name = Debug;
		};
		32D8AA5929CBA99400910710 /* Release */ = {
			isa = XCBuildConfiguration;
			buildSettings = {
				ALWAYS_SEARCH_USER_PATHS = NO;
				CLANG_ANALYZER_NONNULL = YES;
				CLANG_ANALYZER_NUMBER_OBJECT_CONVERSION = YES_AGGRESSIVE;
				CLANG_CXX_LANGUAGE_STANDARD = "gnu++17";
				CLANG_CXX_LIBRARY = "libc++";
				CLANG_ENABLE_MODULES = YES;
				CLANG_ENABLE_OBJC_ARC = YES;
				CLANG_ENABLE_OBJC_WEAK = YES;
				CLANG_WARN_BLOCK_CAPTURE_AUTORELEASING = YES;
				CLANG_WARN_BOOL_CONVERSION = YES;
				CLANG_WARN_COMMA = YES;
				CLANG_WARN_CONSTANT_CONVERSION = YES;
				CLANG_WARN_DEPRECATED_OBJC_IMPLEMENTATIONS = YES;
				CLANG_WARN_DIRECT_OBJC_ISA_USAGE = YES_ERROR;
				CLANG_WARN_DOCUMENTATION_COMMENTS = YES;
				CLANG_WARN_EMPTY_BODY = YES;
				CLANG_WARN_ENUM_CONVERSION = YES;
				CLANG_WARN_INFINITE_RECURSION = YES;
				CLANG_WARN_INT_CONVERSION = YES;
				CLANG_WARN_NON_LITERAL_NULL_CONVERSION = YES;
				CLANG_WARN_OBJC_IMPLICIT_RETAIN_SELF = YES;
				CLANG_WARN_OBJC_LITERAL_CONVERSION = YES;
				CLANG_WARN_OBJC_ROOT_CLASS = YES_ERROR;
				CLANG_WARN_QUOTED_INCLUDE_IN_FRAMEWORK_HEADER = YES;
				CLANG_WARN_RANGE_LOOP_ANALYSIS = YES;
				CLANG_WARN_STRICT_PROTOTYPES = YES;
				CLANG_WARN_SUSPICIOUS_MOVE = YES;
				CLANG_WARN_UNGUARDED_AVAILABILITY = YES_AGGRESSIVE;
				CLANG_WARN_UNREACHABLE_CODE = YES;
				CLANG_WARN__DUPLICATE_METHOD_MATCH = YES;
				COPY_PHASE_STRIP = NO;
				DEBUG_INFORMATION_FORMAT = "dwarf-with-dsym";
				ENABLE_NS_ASSERTIONS = NO;
				ENABLE_STRICT_OBJC_MSGSEND = YES;
				GCC_C_LANGUAGE_STANDARD = gnu11;
				GCC_NO_COMMON_BLOCKS = YES;
				GCC_WARN_64_TO_32_BIT_CONVERSION = YES;
				GCC_WARN_ABOUT_RETURN_TYPE = YES_ERROR;
				GCC_WARN_UNDECLARED_SELECTOR = YES;
				GCC_WARN_UNINITIALIZED_AUTOS = YES_AGGRESSIVE;
				GCC_WARN_UNUSED_FUNCTION = YES;
				GCC_WARN_UNUSED_VARIABLE = YES;
				IPHONEOS_DEPLOYMENT_TARGET = 15.2;
				MTL_ENABLE_DEBUG_INFO = NO;
				MTL_FAST_MATH = YES;
				SDKROOT = iphoneos;
				SWIFT_COMPILATION_MODE = wholemodule;
				SWIFT_OPTIMIZATION_LEVEL = "-O";
				VALIDATE_PRODUCT = YES;
			};
			name = Release;
		};
		32D8AA5B29CBA99400910710 /* Debug */ = {
			isa = XCBuildConfiguration;
			baseConfigurationReference = 28ECF4668D5B8C48E034272C /* Pods-Promptly.debug.xcconfig */;
			buildSettings = {
				ASSETCATALOG_COMPILER_APPICON_NAME = AppIcon;
				ASSETCATALOG_COMPILER_GLOBAL_ACCENT_COLOR_NAME = AccentColor;
				CODE_SIGN_STYLE = Automatic;
				CURRENT_PROJECT_VERSION = 1;
				DEVELOPMENT_TEAM = PY7MUVHKHH;
				ENABLE_BITCODE = NO;
				GENERATE_INFOPLIST_FILE = YES;
				INFOPLIST_FILE = Promptly/Info.plist;
				INFOPLIST_KEY_CFBundleDisplayName = Prompted;
				INFOPLIST_KEY_UIApplicationSupportsIndirectInputEvents = YES;
				INFOPLIST_KEY_UILaunchStoryboardName = LaunchScreen;
				INFOPLIST_KEY_UIMainStoryboardFile = Main;
				INFOPLIST_KEY_UISupportedInterfaceOrientations = UIInterfaceOrientationPortrait;
				INFOPLIST_KEY_UISupportedInterfaceOrientations_iPad = "UIInterfaceOrientationPortrait UIInterfaceOrientationPortraitUpsideDown UIInterfaceOrientationLandscapeLeft UIInterfaceOrientationLandscapeRight";
				INFOPLIST_KEY_UISupportedInterfaceOrientations_iPhone = "UIInterfaceOrientationPortrait UIInterfaceOrientationLandscapeLeft UIInterfaceOrientationLandscapeRight";
				LD_RUNPATH_SEARCH_PATHS = (
					"$(inherited)",
					"@executable_path/Frameworks",
				);
				MARKETING_VERSION = 1.0;
				PRODUCT_BUNDLE_IDENTIFIER = nkurki.Promptly;
				PRODUCT_NAME = "$(TARGET_NAME)";
				SWIFT_EMIT_LOC_STRINGS = YES;
				SWIFT_VERSION = 5.0;
				TARGETED_DEVICE_FAMILY = 1;
			};
			name = Debug;
		};
		32D8AA5C29CBA99400910710 /* Release */ = {
			isa = XCBuildConfiguration;
			baseConfigurationReference = 2D48B9248CEBB6ED67563912 /* Pods-Promptly.release.xcconfig */;
			buildSettings = {
				ASSETCATALOG_COMPILER_APPICON_NAME = AppIcon;
				ASSETCATALOG_COMPILER_GLOBAL_ACCENT_COLOR_NAME = AccentColor;
				CODE_SIGN_STYLE = Automatic;
				CURRENT_PROJECT_VERSION = 1;
				DEVELOPMENT_TEAM = PY7MUVHKHH;
				ENABLE_BITCODE = NO;
				GENERATE_INFOPLIST_FILE = YES;
				INFOPLIST_FILE = Promptly/Info.plist;
				INFOPLIST_KEY_CFBundleDisplayName = Prompted;
				INFOPLIST_KEY_UIApplicationSupportsIndirectInputEvents = YES;
				INFOPLIST_KEY_UILaunchStoryboardName = LaunchScreen;
				INFOPLIST_KEY_UIMainStoryboardFile = Main;
				INFOPLIST_KEY_UISupportedInterfaceOrientations = UIInterfaceOrientationPortrait;
				INFOPLIST_KEY_UISupportedInterfaceOrientations_iPad = "UIInterfaceOrientationPortrait UIInterfaceOrientationPortraitUpsideDown UIInterfaceOrientationLandscapeLeft UIInterfaceOrientationLandscapeRight";
				INFOPLIST_KEY_UISupportedInterfaceOrientations_iPhone = "UIInterfaceOrientationPortrait UIInterfaceOrientationLandscapeLeft UIInterfaceOrientationLandscapeRight";
				LD_RUNPATH_SEARCH_PATHS = (
					"$(inherited)",
					"@executable_path/Frameworks",
				);
				MARKETING_VERSION = 1.0;
				PRODUCT_BUNDLE_IDENTIFIER = nkurki.Promptly;
				PRODUCT_NAME = "$(TARGET_NAME)";
				SWIFT_EMIT_LOC_STRINGS = YES;
				SWIFT_VERSION = 5.0;
				TARGETED_DEVICE_FAMILY = 1;
			};
			name = Release;
		};
/* End XCBuildConfiguration section */

/* Begin XCConfigurationList section */
		32D8AA4129CBA99100910710 /* Build configuration list for PBXProject "Promptly" */ = {
			isa = XCConfigurationList;
			buildConfigurations = (
				32D8AA5829CBA99400910710 /* Debug */,
				32D8AA5929CBA99400910710 /* Release */,
			);
			defaultConfigurationIsVisible = 0;
			defaultConfigurationName = Release;
		};
		32D8AA5A29CBA99400910710 /* Build configuration list for PBXNativeTarget "Promptly" */ = {
			isa = XCConfigurationList;
			buildConfigurations = (
				32D8AA5B29CBA99400910710 /* Debug */,
				32D8AA5C29CBA99400910710 /* Release */,
			);
			defaultConfigurationIsVisible = 0;
			defaultConfigurationName = Release;
		};
/* End XCConfigurationList section */
	};
	rootObject = 32D8AA3E29CBA99100910710 /* Project object */;
}
